
Microsoft Visual Studio Solution File, Format Version 12.00
# Visual Studio Version 17
VisualStudioVersion = 17.6.33815.320
MinimumVisualStudioVersion = 10.0.40219.1
Project("{FAE04EC0-301F-11D3-BF4B-00C04F79EFBC}") = "Programa04_01", "Programa04_01\Programa04_01.csproj", "{61F7DB3B-5CFA-4932-9CB2-65F5B25DBA8E}"
EndProject
Project("{FAE04EC0-301F-11D3-BF4B-00C04F79EFBC}") = "Programa04_02", "Programa04_02\Programa04_02.csproj", "{0474F09D-5AF5-4126-B4E2-F4667E3F92E2}"
EndProject
Project("{FAE04EC0-301F-11D3-BF4B-00C04F79EFBC}") = "Programa04_03", "Programa04_03\Programa04_03.csproj", "{DF88C373-B45E-420A-959B-3AE5A86C97B8}"
EndProject
Project("{FAE04EC0-301F-11D3-BF4B-00C04F79EFBC}") = "Programa05_01", "Programa05_01\Programa05_01.csproj", "{8D450C38-B597-47B5-B979-202504C53EB0}"
EndProject
Project("{FAE04EC0-301F-11D3-BF4B-00C04F79EFBC}") = "Programa05_02", "Programa05_02\Programa05_02.csproj", "{2EECA46F-CB66-41C0-B897-F08FDBADE13C}"
EndProject
Project("{FAE04EC0-301F-11D3-BF4B-00C04F79EFBC}") = "Programa05_02b", "Programa05_02b\Programa05_02b.csproj", "{DB9D35F5-10A5-411E-AE88-0C546B556A65}"
EndProject
Project("{FAE04EC0-301F-11D3-BF4B-00C04F79EFBC}") = "Programa06_01", "Programa06_01\Programa06_01.csproj", "{E3D1B1CD-7F26-49AE-B5F6-5545BDC2A261}"
EndProject
Project("{FAE04EC0-301F-11D3-BF4B-00C04F79EFBC}") = "Agregacion", "Agregacion\Agregacion.csproj", "{E652AA49-98A3-4BCC-B668-20E096AF9FFB}"
EndProject
Project("{FAE04EC0-301F-11D3-BF4B-00C04F79EFBC}") = "Composición", "Composición\Composición.csproj", "{4EC378B0-9AC7-496D-B2D2-98FB64A91611}"
EndProject
Project("{FAE04EC0-301F-11D3-BF4B-00C04F79EFBC}") = "Programa06_02", "Programa06_02\Programa06_02.csproj", "{D7B92C13-5C99-4E0C-B697-922BACC815E5}"
EndProject
Project("{FAE04EC0-301F-11D3-BF4B-00C04F79EFBC}") = "Programa06_03", "Programa06_03\Programa06_03.csproj", "{DCB5D0D9-7987-41ED-A8C4-1A4D533F9580}"
EndProject
Global
	GlobalSection(SolutionConfigurationPlatforms) = preSolution
		Debug|Any CPU = Debug|Any CPU
		Release|Any CPU = Release|Any CPU
	EndGlobalSection
	GlobalSection(ProjectConfigurationPlatforms) = postSolution
		{61F7DB3B-5CFA-4932-9CB2-65F5B25DBA8E}.Debug|Any CPU.ActiveCfg = Debug|Any CPU
		{61F7DB3B-5CFA-4932-9CB2-65F5B25DBA8E}.Debug|Any CPU.Build.0 = Debug|Any CPU
		{61F7DB3B-5CFA-4932-9CB2-65F5B25DBA8E}.Release|Any CPU.ActiveCfg = Release|Any CPU
		{61F7DB3B-5CFA-4932-9CB2-65F5B25DBA8E}.Release|Any CPU.Build.0 = Release|Any CPU
		{0474F09D-5AF5-4126-B4E2-F4667E3F92E2}.Debug|Any CPU.ActiveCfg = Debug|Any CPU
		{0474F09D-5AF5-4126-B4E2-F4667E3F92E2}.Debug|Any CPU.Build.0 = Debug|Any CPU
		{0474F09D-5AF5-4126-B4E2-F4667E3F92E2}.Release|Any CPU.ActiveCfg = Release|Any CPU
		{0474F09D-5AF5-4126-B4E2-F4667E3F92E2}.Release|Any CPU.Build.0 = Release|Any CPU
		{DF88C373-B45E-420A-959B-3AE5A86C97B8}.Debug|Any CPU.ActiveCfg = Debug|Any CPU
		{DF88C373-B45E-420A-959B-3AE5A86C97B8}.Debug|Any CPU.Build.0 = Debug|Any CPU
		{DF88C373-B45E-420A-959B-3AE5A86C97B8}.Release|Any CPU.ActiveCfg = Release|Any CPU
		{DF88C373-B45E-420A-959B-3AE5A86C97B8}.Release|Any CPU.Build.0 = Release|Any CPU
		{8D450C38-B597-47B5-B979-202504C53EB0}.Debug|Any CPU.ActiveCfg = Debug|Any CPU
		{8D450C38-B597-47B5-B979-202504C53EB0}.Debug|Any CPU.Build.0 = Debug|Any CPU
		{8D450C38-B597-47B5-B979-202504C53EB0}.Release|Any CPU.ActiveCfg = Release|Any CPU
		{8D450C38-B597-47B5-B979-202504C53EB0}.Release|Any CPU.Build.0 = Release|Any CPU
		{2EECA46F-CB66-41C0-B897-F08FDBADE13C}.Debug|Any CPU.ActiveCfg = Debug|Any CPU
		{2EECA46F-CB66-41C0-B897-F08FDBADE13C}.Debug|Any CPU.Build.0 = Debug|Any CPU
		{2EECA46F-CB66-41C0-B897-F08FDBADE13C}.Release|Any CPU.ActiveCfg = Release|Any CPU
		{2EECA46F-CB66-41C0-B897-F08FDBADE13C}.Release|Any CPU.Build.0 = Release|Any CPU
		{DB9D35F5-10A5-411E-AE88-0C546B556A65}.Debug|Any CPU.ActiveCfg = Debug|Any CPU
		{DB9D35F5-10A5-411E-AE88-0C546B556A65}.Debug|Any CPU.Build.0 = Debug|Any CPU
		{DB9D35F5-10A5-411E-AE88-0C546B556A65}.Release|Any CPU.ActiveCfg = Release|Any CPU
		{DB9D35F5-10A5-411E-AE88-0C546B556A65}.Release|Any CPU.Build.0 = Release|Any CPU
		{E3D1B1CD-7F26-49AE-B5F6-5545BDC2A261}.Debug|Any CPU.ActiveCfg = Debug|Any CPU
		{E3D1B1CD-7F26-49AE-B5F6-5545BDC2A261}.Debug|Any CPU.Build.0 = Debug|Any CPU
		{E3D1B1CD-7F26-49AE-B5F6-5545BDC2A261}.Release|Any CPU.ActiveCfg = Release|Any CPU
		{E3D1B1CD-7F26-49AE-B5F6-5545BDC2A261}.Release|Any CPU.Build.0 = Release|Any CPU
		{E652AA49-98A3-4BCC-B668-20E096AF9FFB}.Debug|Any CPU.ActiveCfg = Debug|Any CPU
		{E652AA49-98A3-4BCC-B668-20E096AF9FFB}.Debug|Any CPU.Build.0 = Debug|Any CPU
		{E652AA49-98A3-4BCC-B668-20E096AF9FFB}.Release|Any CPU.ActiveCfg = Release|Any CPU
		{E652AA49-98A3-4BCC-B668-20E096AF9FFB}.Release|Any CPU.Build.0 = Release|Any CPU
		{4EC378B0-9AC7-496D-B2D2-98FB64A91611}.Debug|Any CPU.ActiveCfg = Debug|Any CPU
		{4EC378B0-9AC7-496D-B2D2-98FB64A91611}.Debug|Any CPU.Build.0 = Debug|Any CPU
		{4EC378B0-9AC7-496D-B2D2-98FB64A91611}.Release|Any CPU.ActiveCfg = Release|Any CPU
		{4EC378B0-9AC7-496D-B2D2-98FB64A91611}.Release|Any CPU.Build.0 = Release|Any CPU
		{D7B92C13-5C99-4E0C-B697-922BACC815E5}.Debug|Any CPU.ActiveCfg = Debug|Any CPU
		{D7B92C13-5C99-4E0C-B697-922BACC815E5}.Debug|Any CPU.Build.0 = Debug|Any CPU
		{D7B92C13-5C99-4E0C-B697-922BACC815E5}.Release|Any CPU.ActiveCfg = Release|Any CPU
		{D7B92C13-5C99-4E0C-B697-922BACC815E5}.Release|Any CPU.Build.0 = Release|Any CPU
		{DCB5D0D9-7987-41ED-A8C4-1A4D533F9580}.Debug|Any CPU.ActiveCfg = Debug|Any CPU
		{DCB5D0D9-7987-41ED-A8C4-1A4D533F9580}.Debug|Any CPU.Build.0 = Debug|Any CPU
		{DCB5D0D9-7987-41ED-A8C4-1A4D533F9580}.Release|Any CPU.ActiveCfg = Release|Any CPU
		{DCB5D0D9-7987-41ED-A8C4-1A4D533F9580}.Release|Any CPU.Build.0 = Release|Any CPU
	EndGlobalSection
	GlobalSection(SolutionProperties) = preSolution
		HideSolutionNode = FALSE
	EndGlobalSection
	GlobalSection(ExtensibilityGlobals) = postSolution
		SolutionGuid = {39BBE434-C9DC-47E2-9162-DD1D25F63016}
	EndGlobalSection
EndGlobal
